<?xml version="1.0" encoding="utf-8"?>
<Project ToolsVersion="4.0" xmlns="http://schemas.microsoft.com/developer/msbuild/2003">
  <ItemGroup>
    <Filter Include="pre-compile">
      <UniqueIdentifier>{a7624cb5-e3e9-4779-9779-bb7221fcb6a8}</UniqueIdentifier>
    </Filter>
    <Filter Include="main">
      <UniqueIdentifier>{4FC737F1-C7A5-4376-A066-2A32D752A2FF}</UniqueIdentifier>
      <Extensions>cpp;c;cc;cxx;c++;cppm;ixx;def;odl;idl;hpj;bat;asm;asmx</Extensions>
    </Filter>
    <Filter Include="aimbot">
      <UniqueIdentifier>{fd243770-e740-4d24-a7ef-a99c6ed9acbf}</UniqueIdentifier>
    </Filter>
    <Filter Include="mem">
      <UniqueIdentifier>{84a32fce-7127-4d9e-9187-33d8b7daedd6}</UniqueIdentifier>
    </Filter>
    <Filter Include="hook">
      <UniqueIdentifier>{e9c1b205-5052-4793-947e-342a6e5f4160}</UniqueIdentifier>
    </Filter>
    <Filter Include="OpenGL draw">
      <UniqueIdentifier>{5d302bb3-c050-44b4-9558-0324871ade32}</UniqueIdentifier>
    </Filter>
  </ItemGroup>
  <ItemGroup>
    <ClInclude Include="pch.h">
      <Filter>pre-compile</Filter>
    </ClInclude>
    <ClInclude Include="aimbot.h">
      <Filter>aimbot</Filter>
    </ClInclude>
    <ClInclude Include="mem.h">
      <Filter>mem</Filter>
    </ClInclude>
    <ClInclude Include="hook.h">
      <Filter>hook</Filter>
    </ClInclude>
    <ClInclude Include="offsets.h">
      <Filter>main</Filter>
    </ClInclude>
    <ClInclude Include="framework.h">
      <Filter>pre-compile</Filter>
    </ClInclude>
    <ClInclude Include="glDraw.h">
      <Filter>OpenGL draw</Filter>
    </ClInclude>
  </ItemGroup>
  <ItemGroup>
    <ClCompile Include="dllmain.cpp">
      <Filter>main</Filter>
    </ClCompile>
    <ClCompile Include="pch.cpp">
      <Filter>pre-compile</Filter>
    </ClCompile>
    <ClCompile Include="aimbot.cpp">
      <Filter>aimbot</Filter>
    </ClCompile>
    <ClCompile Include="hook.cpp">
      <Filter>hook</Filter>
    </ClCompile>
    <ClCompile Include="mem.cpp">
      <Filter>mem</Filter>
    </ClCompile>
    <ClCompile Include="glDraw.cpp">
      <Filter>OpenGL draw</Filter>
    </ClCompile>
  </ItemGroup>
</Project>